
Microsoft Visual Studio Solution File, Format Version 12.00
# Visual Studio Version 16
VisualStudioVersion = 16.0.29613.14
MinimumVisualStudioVersion = 10.0.40219.1
Project("{9A19103F-16F7-4668-BE54-9A1E7A4F7556}") = "DaanV2.Essentials.Net - Standard2.0", "DaanV2.Essentials.Net - Standard2.0\DaanV2.Essentials.Net - Standard2.0.csproj", "{567DC9E8-FA30-4A5B-9FA1-D82D4E8CA121}"
EndProject
Project("{2150E333-8FDC-42A3-9474-1A3956D46DE8}") = "Standard", "Standard", "{13D90DD4-36B4-479F-A058-61BF8257EC53}"
EndProject
Project("{9A19103F-16F7-4668-BE54-9A1E7A4F7556}") = "DaanV2.Essentials.Net - Standard2.1", "DaanV2.Essentials.Net - Standard2.1\DaanV2.Essentials.Net - Standard2.1.csproj", "{E2C9E7A6-0668-4AE8-A243-FB4B5323ECFF}"
EndProject
Project("{2150E333-8FDC-42A3-9474-1A3956D46DE8}") = "Source", "Source", "{853D428F-823D-414C-A857-7A54156D44AA}"
EndProject
Project("{D954291E-2A0B-460D-934E-DC6B0785DB48}") = "DaanV2.Essentials.Net Source", "Source\DaanV2.Essentials.Net Source\DaanV2.Essentials.Net Source.shproj", "{B1F153D9-F47C-4FE9-BD9F-FFACB81FB3F9}"
EndProject
Project("{2150E333-8FDC-42A3-9474-1A3956D46DE8}") = "Framework", "Framework", "{5340D9E0-2FA4-4E74-BDEC-CAB6205E7329}"
EndProject
Project("{FAE04EC0-301F-11D3-BF4B-00C04F79EFBC}") = "DaanV2.Essentials.Net - Framework4.8", "DaanV2.Essentials.Net - Framework4.8\DaanV2.Essentials.Net - Framework4.8.csproj", "{09CE9804-8092-4A28-980A-2EFAFEDD8721}"
EndProject
Project("{2150E333-8FDC-42A3-9474-1A3956D46DE8}") = "Net Core", "Net Core", "{7EDD3AD5-539F-4858-8EAC-56F51CE83286}"
EndProject
Project("{9A19103F-16F7-4668-BE54-9A1E7A4F7556}") = "DaanV2.Essentials.Net - NetCore3.1", "DaanV2.Essentials.Net - NetCore3.1\DaanV2.Essentials.Net - NetCore3.1.csproj", "{35A00AEF-6BE1-486C-8590-C8006140FCAD}"
EndProject
Project("{9A19103F-16F7-4668-BE54-9A1E7A4F7556}") = "UnitTests.Net Core", "Source\UnitTests.Net Core\UnitTests.Net Core.csproj", "{E371E69C-13B6-4929-B97B-3BE55FA0BE1C}"
EndProject
Project("{2150E333-8FDC-42A3-9474-1A3956D46DE8}") = "Tests", "Tests", "{16D02C49-2229-402A-A6F3-515E4E3DAC67}"
EndProject
Global
	GlobalSection(SharedMSBuildProjectFiles) = preSolution
		Source\DaanV2.Essentials.Net Source\Essentials.Net.projitems*{09ce9804-8092-4a28-980a-2efafedd8721}*SharedItemsImports = 4
		Source\DaanV2.Essentials.Net Source\Essentials.Net.projitems*{b1f153d9-f47c-4fe9-bd9f-ffacb81fb3f9}*SharedItemsImports = 13
	EndGlobalSection
	GlobalSection(SolutionConfigurationPlatforms) = preSolution
		Debug|Any CPU = Debug|Any CPU
		Debug|x64 = Debug|x64
		Debug|x86 = Debug|x86
		Release|Any CPU = Release|Any CPU
		Release|x64 = Release|x64
		Release|x86 = Release|x86
	EndGlobalSection
	GlobalSection(ProjectConfigurationPlatforms) = postSolution
		{567DC9E8-FA30-4A5B-9FA1-D82D4E8CA121}.Debug|Any CPU.ActiveCfg = Debug|Any CPU
		{567DC9E8-FA30-4A5B-9FA1-D82D4E8CA121}.Debug|Any CPU.Build.0 = Debug|Any CPU
		{567DC9E8-FA30-4A5B-9FA1-D82D4E8CA121}.Debug|x64.ActiveCfg = Debug|Any CPU
		{567DC9E8-FA30-4A5B-9FA1-D82D4E8CA121}.Debug|x64.Build.0 = Debug|Any CPU
		{567DC9E8-FA30-4A5B-9FA1-D82D4E8CA121}.Debug|x86.ActiveCfg = Debug|Any CPU
		{567DC9E8-FA30-4A5B-9FA1-D82D4E8CA121}.Debug|x86.Build.0 = Debug|Any CPU
		{567DC9E8-FA30-4A5B-9FA1-D82D4E8CA121}.Release|Any CPU.ActiveCfg = Release|Any CPU
		{567DC9E8-FA30-4A5B-9FA1-D82D4E8CA121}.Release|Any CPU.Build.0 = Release|Any CPU
		{567DC9E8-FA30-4A5B-9FA1-D82D4E8CA121}.Release|x64.ActiveCfg = Release|Any CPU
		{567DC9E8-FA30-4A5B-9FA1-D82D4E8CA121}.Release|x64.Build.0 = Release|Any CPU
		{567DC9E8-FA30-4A5B-9FA1-D82D4E8CA121}.Release|x86.ActiveCfg = Release|Any CPU
		{567DC9E8-FA30-4A5B-9FA1-D82D4E8CA121}.Release|x86.Build.0 = Release|Any CPU
		{E2C9E7A6-0668-4AE8-A243-FB4B5323ECFF}.Debug|Any CPU.ActiveCfg = Debug|Any CPU
		{E2C9E7A6-0668-4AE8-A243-FB4B5323ECFF}.Debug|Any CPU.Build.0 = Debug|Any CPU
		{E2C9E7A6-0668-4AE8-A243-FB4B5323ECFF}.Debug|x64.ActiveCfg = Debug|Any CPU
		{E2C9E7A6-0668-4AE8-A243-FB4B5323ECFF}.Debug|x64.Build.0 = Debug|Any CPU
		{E2C9E7A6-0668-4AE8-A243-FB4B5323ECFF}.Debug|x86.ActiveCfg = Debug|Any CPU
		{E2C9E7A6-0668-4AE8-A243-FB4B5323ECFF}.Debug|x86.Build.0 = Debug|Any CPU
		{E2C9E7A6-0668-4AE8-A243-FB4B5323ECFF}.Release|Any CPU.ActiveCfg = Release|Any CPU
		{E2C9E7A6-0668-4AE8-A243-FB4B5323ECFF}.Release|Any CPU.Build.0 = Release|Any CPU
		{E2C9E7A6-0668-4AE8-A243-FB4B5323ECFF}.Release|x64.ActiveCfg = Release|Any CPU
		{E2C9E7A6-0668-4AE8-A243-FB4B5323ECFF}.Release|x64.Build.0 = Release|Any CPU
		{E2C9E7A6-0668-4AE8-A243-FB4B5323ECFF}.Release|x86.ActiveCfg = Release|Any CPU
		{E2C9E7A6-0668-4AE8-A243-FB4B5323ECFF}.Release|x86.Build.0 = Release|Any CPU
		{09CE9804-8092-4A28-980A-2EFAFEDD8721}.Debug|Any CPU.ActiveCfg = Debug|Any CPU
		{09CE9804-8092-4A28-980A-2EFAFEDD8721}.Debug|Any CPU.Build.0 = Debug|Any CPU
		{09CE9804-8092-4A28-980A-2EFAFEDD8721}.Debug|x64.ActiveCfg = Debug|Any CPU
		{09CE9804-8092-4A28-980A-2EFAFEDD8721}.Debug|x64.Build.0 = Debug|Any CPU
		{09CE9804-8092-4A28-980A-2EFAFEDD8721}.Debug|x86.ActiveCfg = Debug|Any CPU
		{09CE9804-8092-4A28-980A-2EFAFEDD8721}.Debug|x86.Build.0 = Debug|Any CPU
		{09CE9804-8092-4A28-980A-2EFAFEDD8721}.Release|Any CPU.ActiveCfg = Release|Any CPU
		{09CE9804-8092-4A28-980A-2EFAFEDD8721}.Release|Any CPU.Build.0 = Release|Any CPU
		{09CE9804-8092-4A28-980A-2EFAFEDD8721}.Release|x64.ActiveCfg = Release|Any CPU
		{09CE9804-8092-4A28-980A-2EFAFEDD8721}.Release|x64.Build.0 = Release|Any CPU
		{09CE9804-8092-4A28-980A-2EFAFEDD8721}.Release|x86.ActiveCfg = Release|Any CPU
		{09CE9804-8092-4A28-980A-2EFAFEDD8721}.Release|x86.Build.0 = Release|Any CPU
		{35A00AEF-6BE1-486C-8590-C8006140FCAD}.Debug|Any CPU.ActiveCfg = Debug|Any CPU
		{35A00AEF-6BE1-486C-8590-C8006140FCAD}.Debug|Any CPU.Build.0 = Debug|Any CPU
		{35A00AEF-6BE1-486C-8590-C8006140FCAD}.Debug|x64.ActiveCfg = Debug|Any CPU
		{35A00AEF-6BE1-486C-8590-C8006140FCAD}.Debug|x64.Build.0 = Debug|Any CPU
		{35A00AEF-6BE1-486C-8590-C8006140FCAD}.Debug|x86.ActiveCfg = Debug|Any CPU
		{35A00AEF-6BE1-486C-8590-C8006140FCAD}.Debug|x86.Build.0 = Debug|Any CPU
		{35A00AEF-6BE1-486C-8590-C8006140FCAD}.Release|Any CPU.ActiveCfg = Release|Any CPU
		{35A00AEF-6BE1-486C-8590-C8006140FCAD}.Release|Any CPU.Build.0 = Release|Any CPU
		{35A00AEF-6BE1-486C-8590-C8006140FCAD}.Release|x64.ActiveCfg = Release|Any CPU
		{35A00AEF-6BE1-486C-8590-C8006140FCAD}.Release|x64.Build.0 = Release|Any CPU
		{35A00AEF-6BE1-486C-8590-C8006140FCAD}.Release|x86.ActiveCfg = Release|Any CPU
		{35A00AEF-6BE1-486C-8590-C8006140FCAD}.Release|x86.Build.0 = Release|Any CPU
		{E371E69C-13B6-4929-B97B-3BE55FA0BE1C}.Debug|Any CPU.ActiveCfg = Debug|Any CPU
		{E371E69C-13B6-4929-B97B-3BE55FA0BE1C}.Debug|Any CPU.Build.0 = Debug|Any CPU
		{E371E69C-13B6-4929-B97B-3BE55FA0BE1C}.Debug|x64.ActiveCfg = Debug|x64
		{E371E69C-13B6-4929-B97B-3BE55FA0BE1C}.Debug|x64.Build.0 = Debug|x64
		{E371E69C-13B6-4929-B97B-3BE55FA0BE1C}.Debug|x86.ActiveCfg = Debug|x86
		{E371E69C-13B6-4929-B97B-3BE55FA0BE1C}.Debug|x86.Build.0 = Debug|x86
		{E371E69C-13B6-4929-B97B-3BE55FA0BE1C}.Release|Any CPU.ActiveCfg = Release|Any CPU
		{E371E69C-13B6-4929-B97B-3BE55FA0BE1C}.Release|Any CPU.Build.0 = Release|Any CPU
		{E371E69C-13B6-4929-B97B-3BE55FA0BE1C}.Release|x64.ActiveCfg = Release|x64
		{E371E69C-13B6-4929-B97B-3BE55FA0BE1C}.Release|x64.Build.0 = Release|x64
		{E371E69C-13B6-4929-B97B-3BE55FA0BE1C}.Release|x86.ActiveCfg = Release|x86
		{E371E69C-13B6-4929-B97B-3BE55FA0BE1C}.Release|x86.Build.0 = Release|x86
	EndGlobalSection
	GlobalSection(SolutionProperties) = preSolution
		HideSolutionNode = FALSE
	EndGlobalSection
	GlobalSection(NestedProjects) = preSolution
		{567DC9E8-FA30-4A5B-9FA1-D82D4E8CA121} = {13D90DD4-36B4-479F-A058-61BF8257EC53}
		{E2C9E7A6-0668-4AE8-A243-FB4B5323ECFF} = {13D90DD4-36B4-479F-A058-61BF8257EC53}
		{B1F153D9-F47C-4FE9-BD9F-FFACB81FB3F9} = {853D428F-823D-414C-A857-7A54156D44AA}
		{09CE9804-8092-4A28-980A-2EFAFEDD8721} = {5340D9E0-2FA4-4E74-BDEC-CAB6205E7329}
		{35A00AEF-6BE1-486C-8590-C8006140FCAD} = {7EDD3AD5-539F-4858-8EAC-56F51CE83286}
		{E371E69C-13B6-4929-B97B-3BE55FA0BE1C} = {16D02C49-2229-402A-A6F3-515E4E3DAC67}
	EndGlobalSection
	GlobalSection(ExtensibilityGlobals) = postSolution
		SolutionGuid = {BA4CDC4F-9E18-40B7-8B4E-833B126952DE}
	EndGlobalSection
EndGlobal
